
Microsoft Visual Studio Solution File, Format Version 12.00
# Visual Studio 14
VisualStudioVersion = 14.0.25420.1
MinimumVisualStudioVersion = 10.0.40219.1
Project("{FAE04EC0-301F-11D3-BF4B-00C04F79EFBC}") = "PrimeNumberServer", "PrimeNumberServer\PrimeNumberServer.csproj", "{CA98D1EF-F4F8-4C15-9D37-5D989BFCE95C}"
EndProject
Project("{FAE04EC0-301F-11D3-BF4B-00C04F79EFBC}") = "PrimeNumber", "PrimeNumber\PrimeNumber.csproj", "{37810A8D-13F7-4EE4-A75A-80B6A36E8EBC}"
EndProject
Project("{2150E333-8FDC-42A3-9474-1A3956D46DE8}") = "Test", "Test", "{201C643D-0232-46F8-8423-7D92E3297192}"
EndProject
Project("{FAE04EC0-301F-11D3-BF4B-00C04F79EFBC}") = "PrimeNumberTest", "PrimeNumberTest\PrimeNumberTest.csproj", "{E11BC03A-48DE-434A-9350-7CA458BAE81F}"
EndProject
Global
	GlobalSection(SolutionConfigurationPlatforms) = preSolution
		Debug|Any CPU = Debug|Any CPU
		Release|Any CPU = Release|Any CPU
	EndGlobalSection
	GlobalSection(ProjectConfigurationPlatforms) = postSolution
		{CA98D1EF-F4F8-4C15-9D37-5D989BFCE95C}.Debug|Any CPU.ActiveCfg = Debug|Any CPU
		{CA98D1EF-F4F8-4C15-9D37-5D989BFCE95C}.Debug|Any CPU.Build.0 = Debug|Any CPU
		{CA98D1EF-F4F8-4C15-9D37-5D989BFCE95C}.Release|Any CPU.ActiveCfg = Release|Any CPU
		{CA98D1EF-F4F8-4C15-9D37-5D989BFCE95C}.Release|Any CPU.Build.0 = Release|Any CPU
		{37810A8D-13F7-4EE4-A75A-80B6A36E8EBC}.Debug|Any CPU.ActiveCfg = Debug|Any CPU
		{37810A8D-13F7-4EE4-A75A-80B6A36E8EBC}.Debug|Any CPU.Build.0 = Debug|Any CPU
		{37810A8D-13F7-4EE4-A75A-80B6A36E8EBC}.Release|Any CPU.ActiveCfg = Release|Any CPU
		{37810A8D-13F7-4EE4-A75A-80B6A36E8EBC}.Release|Any CPU.Build.0 = Release|Any CPU
		{E11BC03A-48DE-434A-9350-7CA458BAE81F}.Debug|Any CPU.ActiveCfg = Debug|Any CPU
		{E11BC03A-48DE-434A-9350-7CA458BAE81F}.Debug|Any CPU.Build.0 = Debug|Any CPU
		{E11BC03A-48DE-434A-9350-7CA458BAE81F}.Release|Any CPU.ActiveCfg = Release|Any CPU
		{E11BC03A-48DE-434A-9350-7CA458BAE81F}.Release|Any CPU.Build.0 = Release|Any CPU
	EndGlobalSection
	GlobalSection(SolutionProperties) = preSolution
		HideSolutionNode = FALSE
	EndGlobalSection
	GlobalSection(NestedProjects) = preSolution
		{E11BC03A-48DE-434A-9350-7CA458BAE81F} = {201C643D-0232-46F8-8423-7D92E3297192}
	EndGlobalSection
EndGlobal
